{
  "name": "tinyMCE",
  "lockfileVersion": 3,
  "requires": true,
  "packages": {
    "": {
      "dependencies": {
        "tinymce": "^6.8.2"
      }
    },
    "node_modules/tinymce": {
      "version": "6.8.2",
      "resolved": "https://registry.npmjs.org/tinymce/-/tinymce-6.8.2.tgz",
      "integrity": "sha512-Lho79o2Y1Yn+XdlTEkHTEkEmzwYWTXz7IUsvPwxJF3VTtgHUIAAuBab29kik+f2KED3rZvQavr9D7sHVMJ9x4A=="
    }
  }
}
